{
  "name": "wm",
  "version": "1.0.0",
  "lockfileVersion": 1,
  "requires": true,
  "dependencies": {
    "clicked": {
      "version": "1.3.0",
      "resolved": "https://registry.npmjs.org/clicked/-/clicked-1.3.0.tgz",
      "integrity": "sha512-P0q012ZGUFDE6XN4MVTgqpkiROW5DeuSo6H8wzLaNiYZYJ8SLSHSwzAe2//LkLx2BtdDBTwM0mR5aSknGoyjHw=="
    },
    "eventemitter3": {
      "version": "3.0.0",
      "resolved": "https://registry.npmjs.org/eventemitter3/-/eventemitter3-3.0.0.tgz",
      "integrity": "sha512-62TxCtz4m2LRaOERVEvLJJ4A6rsg8lC9Xm+FLg2y/1fB/v4ZZ9JCOn+/Ppl5KkH6sRih6bhix724PVanmXYZJQ=="
    },
    "exists": {
      "version": "1.0.1",
      "resolved": "https://registry.npmjs.org/exists/-/exists-1.0.1.tgz",
      "integrity": "sha1-/8vuKRQvJAVt8Bkk5zJicz2xC0k="
    },
    "velocity-animate": {
      "version": "1.5.0",
      "resolved": "https://registry.npmjs.org/velocity-animate/-/velocity-animate-1.5.0.tgz",
      "integrity": "sha1-/Idx2N/hE2/wKnB+EPuwlXxLAw8="
    }
  }
}
